{
  "name": "demo",
  "version": "1.0.0",
  "lockfileVersion": 1,
  "requires": true,
  "dependencies": {
    "bluebird": {
      "version": "3.5.1",
      "resolved": "http://registry.npm.taobao.org/bluebird/download/bluebird-3.5.1.tgz",
      "integrity": "sha1-2VUfnemPH82h5oPRfukaBgLuLrk="
    },
    "mime": {
      "version": "2.3.1",
      "resolved": "http://registry.npm.taobao.org/mime/download/mime-2.3.1.tgz",
      "integrity": "sha1-sWIcVNY7l8R9PP5/chX31kUXw2k="
    }
  }
}
